{
  "lockfileVersion": 1,
  "configVersion": 1,
  "workspaces": {
    "": {
      "name": "kongli.sh",
      "dependencies": {
        "@unocss/reset": "^66.6.8",
        "mithril": "^2.3.8",
      },
      "devDependencies": {
        "@napi-rs/canvas": "^0.1.98",
        "@types/bun": "^1.3.12",
        "@types/mithril": "^2.2.8",
        "happy-dom": "^20.9.0",
        "oxlint": "^1.60.0",
        "prettier": "^3.8.3",
        "simple-git-hooks": "^2.13.1",
        "unocss": "^66.6.8",
      },
    },
  },
  "packages": {
    "@antfu/install-pkg": ["@antfu/install-pkg@1.1.0", "", { "dependencies": { "package-manager-detector": "^1.3.0", "tinyexec": "^1.0.1" } }, "sha512-MGQsmw10ZyI+EJo45CdSER4zEb+p31LpDAFp2Z3gkSd1yqVZGi0Ebx++YTEMonJy4oChEMLsxZ64j8FH6sSqtQ=="],

    "@emnapi/core": ["@emnapi/core@1.10.0", "", { "dependencies": { "@emnapi/wasi-threads": "1.2.1", "tslib": "^2.4.0" } }, "sha512-yq6OkJ4p82CAfPl0u9mQebQHKPJkY7WrIuk205cTYnYe+k2Z8YBh11FrbRG/H6ihirqcacOgl2BIO8oyMQLeXw=="],

    "@emnapi/runtime": ["@emnapi/runtime@1.10.0", "", { "dependencies": { "tslib": "^2.4.0" } }, "sha512-ewvYlk86xUoGI0zQRNq/mC+16R1QeDlKQy21Ki3oSYXNgLb45GV1P6A0M+/s6nyCuNDqe5VpaY84BzXGwVbwFA=="],

    "@emnapi/wasi-threads": ["@emnapi/wasi-threads@1.2.1", "", { "dependencies": { "tslib": "^2.4.0" } }, "sha512-uTII7OYF+/Mes/MrcIOYp5yOtSMLBWSIoLPpcgwipoiKbli6k322tcoFsxoIIxPDqW01SQGAgko4EzZi2BNv2w=="],

    "@iconify/types": ["@iconify/types@2.0.0", "", {}, "sha512-+wluvCrRhXrhyOmRDJ3q8mux9JkKy5SJ/v8ol2tu4FVjyYvtEzkc/3pK15ET6RKg4b4w4BmTk1+gsCUhf21Ykg=="],

    "@iconify/utils": ["@iconify/utils@3.1.0", "", { "dependencies": { "@antfu/install-pkg": "^1.1.0", "@iconify/types": "^2.0.0", "mlly": "^1.8.0" } }, "sha512-Zlzem1ZXhI1iHeeERabLNzBHdOa4VhQbqAcOQaMKuTuyZCpwKbC2R4Dd0Zo3g9EAc+Y4fiarO8HIHRAth7+skw=="],

    "@jridgewell/gen-mapping": ["@jridgewell/gen-mapping@0.3.13", "", { "dependencies": { "@jridgewell/sourcemap-codec": "^1.5.0", "@jridgewell/trace-mapping": "^0.3.24" } }, "sha512-2kkt/7niJ6MgEPxF0bYdQ6etZaA+fQvDcLKckhy1yIQOzaoKjBBjSj63/aLVjYE3qhRt5dvM+uUyfCg6UKCBbA=="],

    "@jridgewell/remapping": ["@jridgewell/remapping@2.3.5", "", { "dependencies": { "@jridgewell/gen-mapping": "^0.3.5", "@jridgewell/trace-mapping": "^0.3.24" } }, "sha512-LI9u/+laYG4Ds1TDKSJW2YPrIlcVYOwi2fUC6xB43lueCjgxV4lffOCZCtYFiH6TNOX+tQKXx97T4IKHbhyHEQ=="],

    "@jridgewell/resolve-uri": ["@jridgewell/resolve-uri@3.1.2", "", {}, "sha512-bRISgCIjP20/tbWSPWMEi54QVPRZExkuD9lJL+UIxUKtwVJA8wW1Trb1jMs1RFXo1CBTNZ/5hpC9QvmKWdopKw=="],

    "@jridgewell/sourcemap-codec": ["@jridgewell/sourcemap-codec@1.5.5", "", {}, "sha512-cYQ9310grqxueWbl+WuIUIaiUaDcj7WOq5fVhEljNVgRfOUhY9fy2zTvfoqWsnebh8Sl70VScFbICvJnLKB0Og=="],

    "@jridgewell/trace-mapping": ["@jridgewell/trace-mapping@0.3.31", "", { "dependencies": { "@jridgewell/resolve-uri": "^3.1.0", "@jridgewell/sourcemap-codec": "^1.4.14" } }, "sha512-zzNR+SdQSDJzc8joaeP8QQoCQr8NuYx2dIIytl1QeBEZHJ9uW6hebsrYgbz8hJwUQao3TWCMtmfV8Nu1twOLAw=="],

    "@napi-rs/canvas": ["@napi-rs/canvas@0.1.98", "", { "optionalDependencies": { "@napi-rs/canvas-android-arm64": "0.1.98", "@napi-rs/canvas-darwin-arm64": "0.1.98", "@napi-rs/canvas-darwin-x64": "0.1.98", "@napi-rs/canvas-linux-arm-gnueabihf": "0.1.98", "@napi-rs/canvas-linux-arm64-gnu": "0.1.98", "@napi-rs/canvas-linux-arm64-musl": "0.1.98", "@napi-rs/canvas-linux-riscv64-gnu": "0.1.98", "@napi-rs/canvas-linux-x64-gnu": "0.1.98", "@napi-rs/canvas-linux-x64-musl": "0.1.98", "@napi-rs/canvas-win32-arm64-msvc": "0.1.98", "@napi-rs/canvas-win32-x64-msvc": "0.1.98" } }, "sha512-WDg3lxYMqlrg49sDVUlrHVfIEPsd5AjYDRuGD6Fu82K5agJx0UnWA+l5qd53GNLRiMN2WhOw7FLR+Er5QB/0SA=="],

    "@napi-rs/canvas-android-arm64": ["@napi-rs/canvas-android-arm64@0.1.98", "", { "os": "android", "cpu": "arm64" }, "sha512-O45Ifr0WZJUrSyg0QgB+67TiC0zYBRkBK+d43ZV4JtlwH3XttiVxLvlxEeULiH5y1MSELruspF0bjF6xXwJNPQ=="],

    "@napi-rs/canvas-darwin-arm64": ["@napi-rs/canvas-darwin-arm64@0.1.98", "", { "os": "darwin", "cpu": "arm64" }, "sha512-1b/nQhw6Isdv14JokUqat+i5wrAYD+ce3egiotedBGRUjVxYSj4s2uQCh2bFsyX5/9A5iTKVGsWoQhFft+j7Lg=="],

    "@napi-rs/canvas-darwin-x64": ["@napi-rs/canvas-darwin-x64@0.1.98", "", { "os": "darwin", "cpu": "x64" }, "sha512-oefzfBM8mwnyYp6S+yNXwjCoLdkOalFG24mssHgvrJDS0FulOryyI35Q7GdJGmrzuL4oo1XW3ZTOcTBLdJ8Zkg=="],

    "@napi-rs/canvas-linux-arm-gnueabihf": ["@napi-rs/canvas-linux-arm-gnueabihf@0.1.98", "", { "os": "linux", "cpu": "arm" }, "sha512-NDH5QXGmf8wlo5yhijCNGVFiJk7an5GvHwb2LHyfLQWY/6/S48i5+YtY6FPqPVVCUckNGudYOfXEJnb3/FiJGQ=="],

    "@napi-rs/canvas-linux-arm64-gnu": ["@napi-rs/canvas-linux-arm64-gnu@0.1.98", "", { "os": "linux", "cpu": "arm64" }, "sha512-KBLLM6tu1xs80LSAqdSLBKkgct0S23MCEf/aq8yxzg5imAceqp1ulKeELgWaYm27MgpUhm3Q7jmegX12FfphwA=="],

    "@napi-rs/canvas-linux-arm64-musl": ["@napi-rs/canvas-linux-arm64-musl@0.1.98", "", { "os": "linux", "cpu": "arm64" }, "sha512-mfMNhjN5zDcJafqQ6sHj4Tc3YMTRxP5UA3MHtp/ssytBR/k6XO0x+1IIPtscnUKwha+ql1++WjDCGEgqu8OfWQ=="],

    "@napi-rs/canvas-linux-riscv64-gnu": ["@napi-rs/canvas-linux-riscv64-gnu@0.1.98", "", { "os": "linux", "cpu": "none" }, "sha512-nfW8esrcaeuhrO3qGA5cwuyk4Ak6cn2eB0LtEYtqROIl+fz06CNGNCU0M95+Tspw5ZgfSbc98SaigT5r5B3LVQ=="],

    "@napi-rs/canvas-linux-x64-gnu": ["@napi-rs/canvas-linux-x64-gnu@0.1.98", "", { "os": "linux", "cpu": "x64" }, "sha512-318UT8j6Gro2bTjtutjQXHWp9SLTNw+WRS4wQ6XIRPAyzBGnGHg7x2ndD+oqkPrrSRIbYLA5WoBcCasaF7lSTQ=="],

    "@napi-rs/canvas-linux-x64-musl": ["@napi-rs/canvas-linux-x64-musl@0.1.98", "", { "os": "linux", "cpu": "x64" }, "sha512-0vZhI74UxnA4VqlW4UvM0dFRrjE1RLEe/OXSBjzytGIxV+yOG4exlrhGoIpAQaIpQQQXMCdb1EmbvPC1k9vEqQ=="],

    "@napi-rs/canvas-win32-arm64-msvc": ["@napi-rs/canvas-win32-arm64-msvc@0.1.98", "", { "os": "win32", "cpu": "arm64" }, "sha512-oiC/IxgFEEVcZ7VH7JXXlmgsqRvmFb57PIQ4gQck35IKFZCNUvdNCcN3OeoLP7Hpf5160MWJf9jj/+E5V0bSvw=="],

    "@napi-rs/canvas-win32-x64-msvc": ["@napi-rs/canvas-win32-x64-msvc@0.1.98", "", { "os": "win32", "cpu": "x64" }, "sha512-ZqstKAJBSyZetU8udUvBQWPlGN9buawFvjuo9mgCAxzbOoJAgXX39ihec/nn42T5Vb6/qyn45eTimx5ND9kMEw=="],

    "@napi-rs/wasm-runtime": ["@napi-rs/wasm-runtime@1.1.4", "", { "dependencies": { "@tybys/wasm-util": "^0.10.1" }, "peerDependencies": { "@emnapi/core": "^1.7.1", "@emnapi/runtime": "^1.7.1" } }, "sha512-3NQNNgA1YSlJb/kMH1ildASP9HW7/7kYnRI2szWJaofaS1hWmbGI4H+d3+22aGzXXN9IJ+n+GiFVcGipJP18ow=="],

    "@oxc-parser/binding-android-arm-eabi": ["@oxc-parser/binding-android-arm-eabi@0.124.0", "", { "os": "android", "cpu": "arm" }, "sha512-+R9zCafSL8ovjokdPtorUp3sXrh8zQ2AC2L0ivXNvlLR0WS+5WdPkNVrnENq5UvzagM4Xgl0NPsJKz3Hv9+y8g=="],

    "@oxc-parser/binding-android-arm64": ["@oxc-parser/binding-android-arm64@0.124.0", "", { "os": "android", "cpu": "arm64" }, "sha512-ULHC/gVZ+nP4pd3kNNQTYaQ/e066BW/KuY5qUsvwkVWwOUQGDg+WpfyVOmQ4xfxoue6cMlkKkJ+ntdzfDXpNlg=="],

    "@oxc-parser/binding-darwin-arm64": ["@oxc-parser/binding-darwin-arm64@0.124.0", "", { "os": "darwin", "cpu": "arm64" }, "sha512-fGJ2hw7bnbUYn6UvTjp0m4WJ9zXz3cohgcwcgeo7gUZehpPNpvcVEVeIVHNmHnAuAw/ysf4YJR8DA1E+xCA4Lw=="],

    "@oxc-parser/binding-darwin-x64": ["@oxc-parser/binding-darwin-x64@0.124.0", "", { "os": "darwin", "cpu": "x64" }, "sha512-j0+re9pgps5BH2Tk3fm59Hi3QuLP3C4KhqXi6A+wRHHHJWDFR8mc/KI9mBrfk2JRT+15doGo+zv1eN75/9DuOw=="],

    "@oxc-parser/binding-freebsd-x64": ["@oxc-parser/binding-freebsd-x64@0.124.0", "", { "os": "freebsd", "cpu": "x64" }, "sha512-0k5mS0npnrhKy72UfF51lpOZ2ESoPWn6gdFw+RdeRWcokraDW1O2kSx3laQ+yk7cCEavQdJSpWCYS/GvBbUCXQ=="],

    "@oxc-parser/binding-linux-arm-gnueabihf": ["@oxc-parser/binding-linux-arm-gnueabihf@0.124.0", "", { "os": "linux", "cpu": "arm" }, "sha512-P/i4eguRWvAUfGdfhQYg1jpwYkyUV6D3gefIH7HhmRl1Ph6P4IqTIEVcyJr1i/3vr1V5OHU4wonH6/ue/Qzvrw=="],

    "@oxc-parser/binding-linux-arm-musleabihf": ["@oxc-parser/binding-linux-arm-musleabihf@0.124.0", "", { "os": "linux", "cpu": "arm" }, "sha512-/ameqFQH5fFP+66Atr8Ynv/2rYe4utcU7L4MoWS5JtrFLVO78g4qDLavyIlJxa6caSwYOvG/eO3c/DXqY5/6Rw=="],

    "@oxc-parser/binding-linux-arm64-gnu": ["@oxc-parser/binding-linux-arm64-gnu@0.124.0", "", { "os": "linux", "cpu": "arm64" }, "sha512-gNeyEcXTtfrRCbj2EfxWU85Fs0wIX3p44Y3twnvuMfkWlLrb9M1Z25AYNSKjJM+fdAjeeQCjw0on47zFuBYwQw=="],

    "@oxc-parser/binding-linux-arm64-musl": ["@oxc-parser/binding-linux-arm64-musl@0.124.0", "", { "os": "linux", "cpu": "arm64" }, "sha512-uvG7v4Tz9S8/PVqY0SP0DLHxo4hZGe+Pv2tGVnwcsjKCCUPjplbrFVvDzXq+kOaEoUkiCY0Kt1hlZ6FDJ1LKNQ=="],

    "@oxc-parser/binding-linux-ppc64-gnu": ["@oxc-parser/binding-linux-ppc64-gnu@0.124.0", "", { "os": "linux", "cpu": "ppc64" }, "sha512-t7KZaaUhfp2au0MRpoENEFqwLKYDdptEry6V7pTAVdPEcFG4P6ii8yeGU9m6p5vb+b8WEKmdpGMNXBEYy7iJdw=="],

    "@oxc-parser/binding-linux-riscv64-gnu": ["@oxc-parser/binding-linux-riscv64-gnu@0.124.0", "", { "os": "linux", "cpu": "none" }, "sha512-eurGGaxHZiIQ+fBSageS8TAkRqZgdOiBeqNrWAqAPup9hXBTmQ0WcBjwsLElf+3jvDL9NhnX0dOgOqPfsjSjdg=="],

    "@oxc-parser/binding-linux-riscv64-musl": ["@oxc-parser/binding-linux-riscv64-musl@0.124.0", "", { "os": "linux", "cpu": "none" }, "sha512-d1V7/ll1i/LhqE/gZy6Wbz6evlk0egh2XKkwMI3epiojtbtUwQSLIER0Y3yDBBocPuWOjJdvmjtEmPTTLXje/w=="],

    "@oxc-parser/binding-linux-s390x-gnu": ["@oxc-parser/binding-linux-s390x-gnu@0.124.0", "", { "os": "linux", "cpu": "s390x" }, "sha512-w1+cBvriUteOpox6ATqCFVkpGL47PFdcfCPGmgUZbd78Fw44U0gQkc+kVGvAOTvGrptMYgwomD1c6OTVvkrpGg=="],

    "@oxc-parser/binding-linux-x64-gnu": ["@oxc-parser/binding-linux-x64-gnu@0.124.0", "", { "os": "linux", "cpu": "x64" }, "sha512-RRB1evQiXRtMCsQQiAh9U0H3HzguLpE0ytfStuhRgmOj7tqUCOVxkHsvM9geZjAax6NqVRj7VXx32qjjkZPsBw=="],

    "@oxc-parser/binding-linux-x64-musl": ["@oxc-parser/binding-linux-x64-musl@0.124.0", "", { "os": "linux", "cpu": "x64" }, "sha512-asVYN0qmSHlCU8H9Q47SmeJ/Z5EG4IWCC+QGxkfFboI5qh15aLlJnHmnrV61MwQRPXGnVC/sC3qKhrUyqGxUqw=="],

    "@oxc-parser/binding-openharmony-arm64": ["@oxc-parser/binding-openharmony-arm64@0.124.0", "", { "os": "none", "cpu": "arm64" }, "sha512-nhwuxm6B8pn9lzAzMUfa571L5hCXYwQo8C8cx5aGOuHWCzruR8gPJnRRXGBci+uGaIIQEZDyU/U6HDgrSp/JlQ=="],

    "@oxc-parser/binding-wasm32-wasi": ["@oxc-parser/binding-wasm32-wasi@0.124.0", "", { "dependencies": { "@napi-rs/wasm-runtime": "^1.1.2" }, "cpu": "none" }, "sha512-LWuq4Dl9tff7n+HjJcqoBjDlVCtruc0shgtdtGM+rTUIE9aFxHA/P+wCYR+aWMjN8m9vNaRME/sKXErmhmeKrA=="],

    "@oxc-parser/binding-win32-arm64-msvc": ["@oxc-parser/binding-win32-arm64-msvc@0.124.0", "", { "os": "win32", "cpu": "arm64" }, "sha512-aOh3Lf3AeH0dgzT4yBXcArFZ8VhqNXwZ/xlN0GqBtgVaGoHOOqL2YHlcVIgT+ghsXPVR2PTtYgBiQ1CNK7jp5A=="],

    "@oxc-parser/binding-win32-ia32-msvc": ["@oxc-parser/binding-win32-ia32-msvc@0.124.0", "", { "os": "win32", "cpu": "ia32" }, "sha512-sib5xC0nz/+SCpaETBuHBz4SXS02KuG5HtyOcHsO/SK5ZvLRGhOZx0elDKawjb6adFkD7dQCqpXUS25wY6ELKQ=="],

    "@oxc-parser/binding-win32-x64-msvc": ["@oxc-parser/binding-win32-x64-msvc@0.124.0", "", { "os": "win32", "cpu": "x64" }, "sha512-UgojtjGUgZgAZQYt7SC6VO65OVdxEkRe2q+2vbHJO//18qw3Hrk6UvHGQKldsQKgbVcIBT/YBrt85YberiYIPQ=="],

    "@oxc-project/types": ["@oxc-project/types@0.124.0", "", {}, "sha512-VBFWMTBvHxS11Z5Lvlr3IWgrwhMTXV+Md+EQF0Xf60+wAdsGFTBx7X7K/hP4pi8N7dcm1RvcHwDxZ16Qx8keUg=="],

    "@oxlint/binding-android-arm-eabi": ["@oxlint/binding-android-arm-eabi@1.60.0", "", { "os": "android", "cpu": "arm" }, "sha512-YdeJKaZckDQL1qa62a1aKq/goyq48aX3yOxaaWqWb4sau4Ee4IiLbamftNLU3zbePky6QsDj6thnSSzHRBjDfA=="],

    "@oxlint/binding-android-arm64": ["@oxlint/binding-android-arm64@1.60.0", "", { "os": "android", "cpu": "arm64" }, "sha512-7ANS7PpXCfq84xZQ8E5WPs14gwcuPcl+/8TFNXfpSu0CQBXz3cUo2fDpHT8v8HJN+Ut02eacvMAzTnc9s6X4tw=="],

    "@oxlint/binding-darwin-arm64": ["@oxlint/binding-darwin-arm64@1.60.0", "", { "os": "darwin", "cpu": "arm64" }, "sha512-pJsgd9AfplLGBm1fIr25V6V14vMrayhx4uIQvlfH7jWs2SZwSrvi3TfgfJySB8T+hvyEH8K2zXljQiUnkgUnfQ=="],

    "@oxlint/binding-darwin-x64": ["@oxlint/binding-darwin-x64@1.60.0", "", { "os": "darwin", "cpu": "x64" }, "sha512-Ue1aXHX49ivwflKqGJc7zcd/LeLgbhaTcDCQStgx5x06AXgjEAZmvrlMuIkWd4AL4FHQe6QJ9f33z04Cg448VQ=="],

    "@oxlint/binding-freebsd-x64": ["@oxlint/binding-freebsd-x64@1.60.0", "", { "os": "freebsd", "cpu": "x64" }, "sha512-YCyQzsQtusQw+gNRW9rRTifSO+Dt/+dtCl2NHoDMZqJlRTEZ/Oht9YnuporI9yiTx7+cB+eqzX3MtHHVHGIWhg=="],

    "@oxlint/binding-linux-arm-gnueabihf": ["@oxlint/binding-linux-arm-gnueabihf@1.60.0", "", { "os": "linux", "cpu": "arm" }, "sha512-c7dxM2Zksa45Qw16i2iGY3Fti2NirJ38FrsBsKw+qcJ0OtqTsBgKJLF0xV+yLG56UH01Z8WRPgsw31e0MoRoGQ=="],

    "@oxlint/binding-linux-arm-musleabihf": ["@oxlint/binding-linux-arm-musleabihf@1.60.0", "", { "os": "linux", "cpu": "arm" }, "sha512-ZWALoA42UYqBEP1Tbw9OWURgFGS1nWj2AAvLdY6ZcGx/Gj93qVCBKjcvwXMupZibYwFbi9s/rzqkZseb/6gVtQ=="],

    "@oxlint/binding-linux-arm64-gnu": ["@oxlint/binding-linux-arm64-gnu@1.60.0", "", { "os": "linux", "cpu": "arm64" }, "sha512-tpy+1w4p9hN5CicMCxqNy6ymfRtV5ayE573vFNjp1k1TN/qhLFgflveZoE/0++RlkHikBz2vY545NWm/hp7big=="],

    "@oxlint/binding-linux-arm64-musl": ["@oxlint/binding-linux-arm64-musl@1.60.0", "", { "os": "linux", "cpu": "arm64" }, "sha512-eDYDXZGhQAXyn6GwtwiX/qcLS0HlOLPJ/+iiIY8RYr+3P8oKBmgKxADLlniL6FtWfE7pPk7IGN9/xvDEvDvFeg=="],

    "@oxlint/binding-linux-ppc64-gnu": ["@oxlint/binding-linux-ppc64-gnu@1.60.0", "", { "os": "linux", "cpu": "ppc64" }, "sha512-nxehly5XYBHUWI9VJX1bqCf9j/B43DaK/aS/T1fcxCpX3PA4Rm9BB54nPD1CKayT8xg6REN1ao+01hSRNgy8OA=="],

    "@oxlint/binding-linux-riscv64-gnu": ["@oxlint/binding-linux-riscv64-gnu@1.60.0", "", { "os": "linux", "cpu": "none" }, "sha512-j1qf/NaUfOWQutjeoooNG1Q0zsK0XGmSu1uDLq3cctquRF3j7t9Hxqf/76ehCc5GEUAanth2W4Fa+XT1RFg/nw=="],

    "@oxlint/binding-linux-riscv64-musl": ["@oxlint/binding-linux-riscv64-musl@1.60.0", "", { "os": "linux", "cpu": "none" }, "sha512-YELKPRefQ/q/h3RUmeRfPCUhh2wBvgV1RyZ/F9M9u8cDyXsQW2ojv1DeWQTt466yczDITjZnIOg/s05pk7Ve2A=="],

    "@oxlint/binding-linux-s390x-gnu": ["@oxlint/binding-linux-s390x-gnu@1.60.0", "", { "os": "linux", "cpu": "s390x" }, "sha512-JkO3C6Gki7Y6h/MiIkFKvHFOz98/YWvQ4WYbK9DLXACMP2rjULzkeGyAzorJE5S1dzLQGFgeqvN779kSFwoV1g=="],

    "@oxlint/binding-linux-x64-gnu": ["@oxlint/binding-linux-x64-gnu@1.60.0", "", { "os": "linux", "cpu": "x64" }, "sha512-XjKHdFVCpZZZSWBCKyyqCq65s2AKXykMXkjLoKYODrD+f5toLhlwsMESscu8FbgnJQ4Y/dpR/zdazsahmgBJIA=="],

    "@oxlint/binding-linux-x64-musl": ["@oxlint/binding-linux-x64-musl@1.60.0", "", { "os": "linux", "cpu": "x64" }, "sha512-js29ZWIuPhNWzY8NC7KoffEMEeWG105vbmm+8EOJsC+T/jHBiKIJEUF78+F/IrgEWMMP9N0kRND4Pp75+xAhKg=="],

    "@oxlint/binding-openharmony-arm64": ["@oxlint/binding-openharmony-arm64@1.60.0", "", { "os": "none", "cpu": "arm64" }, "sha512-H+PUITKHk04stFpWj3x3Kg08Afp/bcXSBi0EhasR5a0Vw7StXHTzdl655PUI0fB4qdh2Wsu6Dsi+3ACxPoyQnA=="],

    "@oxlint/binding-win32-arm64-msvc": ["@oxlint/binding-win32-arm64-msvc@1.60.0", "", { "os": "win32", "cpu": "arm64" }, "sha512-WA/yc7f7ZfCefBXVzNHn1Ztulb1EFwNBb4jMZ6pjML0zz6pHujlF3Q3jySluz3XHl/GNeMTntG1seUBWVMlMag=="],

    "@oxlint/binding-win32-ia32-msvc": ["@oxlint/binding-win32-ia32-msvc@1.60.0", "", { "os": "win32", "cpu": "ia32" }, "sha512-33YxL1sqwYNZXtn3MD/4dno6s0xeedXOJlT1WohkVD565WvohClZUr7vwKdAk954n4xiEWJkewiCr+zLeq7AeA=="],

    "@oxlint/binding-win32-x64-msvc": ["@oxlint/binding-win32-x64-msvc@1.60.0", "", { "os": "win32", "cpu": "x64" }, "sha512-JOro4ZcfBLamJCyfURQmOQByoorgOdx3ZjAkSqnb/CyG/i+lN3KoV5LAgk5ZAW6DPq7/Cx7n23f8DuTWXTWgyQ=="],

    "@polka/url": ["@polka/url@1.0.0-next.29", "", {}, "sha512-wwQAWhWSuHaag8c4q/KN/vCoeOJYshAIvMQwD4GpSb3OiZklFfvAgmj0VCBBImRpuF/aFgIRzllXlVX93Jevww=="],

    "@quansync/fs": ["@quansync/fs@1.0.0", "", { "dependencies": { "quansync": "^1.0.0" } }, "sha512-4TJ3DFtlf1L5LDMaM6CanJ/0lckGNtJcMjQ1NAV6zDmA0tEHKZtxNKin8EgPaVX1YzljbxckyT2tJrpQKAtngQ=="],

    "@rolldown/binding-android-arm64": ["@rolldown/binding-android-arm64@1.0.0-rc.15", "", { "os": "android", "cpu": "arm64" }, "sha512-YYe6aWruPZDtHNpwu7+qAHEMbQ/yRl6atqb/AhznLTnD3UY99Q1jE7ihLSahNWkF4EqRPVC4SiR4O0UkLK02tA=="],

    "@rolldown/binding-darwin-arm64": ["@rolldown/binding-darwin-arm64@1.0.0-rc.15", "", { "os": "darwin", "cpu": "arm64" }, "sha512-oArR/ig8wNTPYsXL+Mzhs0oxhxfuHRfG7Ikw7jXsw8mYOtk71W0OkF2VEVh699pdmzjPQsTjlD1JIOoHkLP1Fg=="],

    "@rolldown/binding-darwin-x64": ["@rolldown/binding-darwin-x64@1.0.0-rc.15", "", { "os": "darwin", "cpu": "x64" }, "sha512-YzeVqOqjPYvUbJSWJ4EDL8ahbmsIXQpgL3JVipmN+MX0XnXMeWomLN3Fb+nwCmP/jfyqte5I3XRSm7OfQrbyxw=="],

    "@rolldown/binding-freebsd-x64": ["@rolldown/binding-freebsd-x64@1.0.0-rc.15", "", { "os": "freebsd", "cpu": "x64" }, "sha512-9Erhx956jeQ0nNTyif1+QWAXDRD38ZNjr//bSHrt6wDwB+QkAfl2q6Mn1k6OBPerznjRmbM10lgRb1Pli4xZPw=="],

    "@rolldown/binding-linux-arm-gnueabihf": ["@rolldown/binding-linux-arm-gnueabihf@1.0.0-rc.15", "", { "os": "linux", "cpu": "arm" }, "sha512-cVwk0w8QbZJGTnP/AHQBs5yNwmpgGYStL88t4UIaqcvYJWBfS0s3oqVLZPwsPU6M0zlW4GqjP0Zq5MnAGwFeGA=="],

    "@rolldown/binding-linux-arm64-gnu": ["@rolldown/binding-linux-arm64-gnu@1.0.0-rc.15", "", { "os": "linux", "cpu": "arm64" }, "sha512-eBZ/u8iAK9SoHGanqe/jrPnY0JvBN6iXbVOsbO38mbz+ZJsaobExAm1Iu+rxa4S1l2FjG0qEZn4Rc6X8n+9M+w=="],

    "@rolldown/binding-linux-arm64-musl": ["@rolldown/binding-linux-arm64-musl@1.0.0-rc.15", "", { "os": "linux", "cpu": "arm64" }, "sha512-ZvRYMGrAklV9PEkgt4LQM6MjQX2P58HPAuecwYObY2DhS2t35R0I810bKi0wmaYORt6m/2Sm+Z+nFgb0WhXNcQ=="],

    "@rolldown/binding-linux-ppc64-gnu": ["@rolldown/binding-linux-ppc64-gnu@1.0.0-rc.15", "", { "os": "linux", "cpu": "ppc64" }, "sha512-VDpgGBzgfg5hLg+uBpCLoFG5kVvEyafmfxGUV0UHLcL5irxAK7PKNeC2MwClgk6ZAiNhmo9FLhRYgvMmedLtnQ=="],

    "@rolldown/binding-linux-s390x-gnu": ["@rolldown/binding-linux-s390x-gnu@1.0.0-rc.15", "", { "os": "linux", "cpu": "s390x" }, "sha512-y1uXY3qQWCzcPgRJATPSOUP4tCemh4uBdY7e3EZbVwCJTY3gLJWnQABgeUetvED+bt1FQ01OeZwvhLS2bpNrAQ=="],

    "@rolldown/binding-linux-x64-gnu": ["@rolldown/binding-linux-x64-gnu@1.0.0-rc.15", "", { "os": "linux", "cpu": "x64" }, "sha512-023bTPBod7J3Y/4fzAN6QtpkSABR0rigtrwaP+qSEabUh5zf6ELr9Nc7GujaROuPY3uwdSIXWrvhn1KxOvurWA=="],

    "@rolldown/binding-linux-x64-musl": ["@rolldown/binding-linux-x64-musl@1.0.0-rc.15", "", { "os": "linux", "cpu": "x64" }, "sha512-witB2O0/hU4CgfOOKUoeFgQ4GktPi1eEbAhaLAIpgD6+ZnhcPkUtPsoKKHRzmOoWPZue46IThdSgdo4XneOLYw=="],

    "@rolldown/binding-openharmony-arm64": ["@rolldown/binding-openharmony-arm64@1.0.0-rc.15", "", { "os": "none", "cpu": "arm64" }, "sha512-UCL68NJ0Ud5zRipXZE9dF5PmirzJE4E4BCIOOssEnM7wLDsxjc6Qb0sGDxTNRTP53I6MZpygyCpY8Aa8sPfKPg=="],

    "@rolldown/binding-wasm32-wasi": ["@rolldown/binding-wasm32-wasi@1.0.0-rc.15", "", { "dependencies": { "@emnapi/core": "1.9.2", "@emnapi/runtime": "1.9.2", "@napi-rs/wasm-runtime": "^1.1.3" }, "cpu": "none" }, "sha512-ApLruZq/ig+nhaE7OJm4lDjayUnOHVUa77zGeqnqZ9pn0ovdVbbNPerVibLXDmWeUZXjIYIT8V3xkT58Rm9u5Q=="],

    "@rolldown/binding-win32-arm64-msvc": ["@rolldown/binding-win32-arm64-msvc@1.0.0-rc.15", "", { "os": "win32", "cpu": "arm64" }, "sha512-KmoUoU7HnN+Si5YWJigfTws1jz1bKBYDQKdbLspz0UaqjjFkddHsqorgiW1mxcAj88lYUE6NC/zJNwT+SloqtA=="],

    "@rolldown/binding-win32-x64-msvc": ["@rolldown/binding-win32-x64-msvc@1.0.0-rc.15", "", { "os": "win32", "cpu": "x64" }, "sha512-3P2A8L+x75qavWLe/Dll3EYBJLQmtkJN8rfh+U/eR3MqMgL/h98PhYI+JFfXuDPgPeCB7iZAKiqii5vqOvnA0g=="],

    "@rolldown/pluginutils": ["@rolldown/pluginutils@1.0.0-rc.15", "", {}, "sha512-UromN0peaE53IaBRe9W7CjrZgXl90fqGpK+mIZbA3qSTeYqg3pqpROBdIPvOG3F5ereDHNwoHBI2e50n1BDr1g=="],

    "@tybys/wasm-util": ["@tybys/wasm-util@0.10.1", "", { "dependencies": { "tslib": "^2.4.0" } }, "sha512-9tTaPJLSiejZKx+Bmog4uSubteqTvFrVrURwkmHixBo0G4seD0zUxp98E1DzUBJxLQ3NPwXrGKDiVjwx/DpPsg=="],

    "@types/bun": ["@types/bun@1.3.12", "", { "dependencies": { "bun-types": "1.3.12" } }, "sha512-DBv81elK+/VSwXHDlnH3Qduw+KxkTIWi7TXkAeh24zpi5l0B2kUg9Ga3tb4nJaPcOFswflgi/yAvMVBPrxMB+A=="],

    "@types/estree": ["@types/estree@1.0.8", "", {}, "sha512-dWHzHa2WqEXI/O1E9OjrocMTKJl2mSrEolh1Iomrv6U+JuNwaHXsXx9bLu5gG7BUWFIN0skIQJQ/L1rIex4X6w=="],

    "@types/mithril": ["@types/mithril@2.2.8", "", {}, "sha512-FN9Tv1+Nlr0LNPGnIL/xOxLJfu5WW2n8HAFeo4yxF+/O0per/8g080xlXoo+xj8baowAcfsNI3k80DxyLY34gQ=="],

    "@types/node": ["@types/node@25.6.0", "", { "dependencies": { "undici-types": "~7.19.0" } }, "sha512-+qIYRKdNYJwY3vRCZMdJbPLJAtGjQBudzZzdzwQYkEPQd+PJGixUL5QfvCLDaULoLv+RhT3LDkwEfKaAkgSmNQ=="],

    "@types/whatwg-mimetype": ["@types/whatwg-mimetype@3.0.2", "", {}, "sha512-c2AKvDT8ToxLIOUlN51gTiHXflsfIFisS4pO7pDPoKouJCESkhZnEy623gwP9laCy5lnLDAw1vAzu2vM2YLOrA=="],

    "@types/ws": ["@types/ws@8.18.1", "", { "dependencies": { "@types/node": "*" } }, "sha512-ThVF6DCVhA8kUGy+aazFQ4kXQ7E1Ty7A3ypFOe0IcJV8O/M511G99AW24irKrW56Wt44yG9+ij8FaqoBGkuBXg=="],

    "@unocss/cli": ["@unocss/cli@66.6.8", "", { "dependencies": { "@jridgewell/remapping": "^2.3.5", "@unocss/config": "66.6.8", "@unocss/core": "66.6.8", "@unocss/preset-wind3": "66.6.8", "@unocss/preset-wind4": "66.6.8", "@unocss/transformer-directives": "66.6.8", "cac": "^7.0.0", "chokidar": "^5.0.0", "colorette": "^2.0.20", "consola": "^3.4.2", "magic-string": "^0.30.21", "pathe": "^2.0.3", "perfect-debounce": "^2.1.0", "tinyglobby": "^0.2.16", "unplugin-utils": "^0.3.1" }, "bin": { "unocss": "bin/unocss.mjs" } }, "sha512-dJ4AmrhCtQwEDJtpFG7AgJ4Qi4GWnNgWWlLWq4DhKBOCcvldr9k98mscdhs3MOwph25DIxU5MdLRAg/OS1JryQ=="],

    "@unocss/config": ["@unocss/config@66.6.8", "", { "dependencies": { "@unocss/core": "66.6.8", "colorette": "^2.0.20", "consola": "^3.4.2", "unconfig": "^7.5.0" } }, "sha512-f+a8OyhD7ZoK8Pa1b3Cbx1RQc3n5x+Qht/cHg3wh/g4DNQIjBI2EqwSLfBigWhdO96zIqFAdyTlO3onmrJwUOw=="],

    "@unocss/core": ["@unocss/core@66.6.8", "", {}, "sha512-P9IlQfgms+8/nka7fBhiiWU4SPwrTNKbTdK0z1SLnttXMHHjsB2zpG+Vi1JQDpICfY9Y1/2pWtguPE+zeOVu9Q=="],

    "@unocss/extractor-arbitrary-variants": ["@unocss/extractor-arbitrary-variants@66.6.8", "", { "dependencies": { "@unocss/core": "66.6.8" } }, "sha512-cOXstpPTOLt/HYcL0OsqFkNau0e8ktZ5Q8fgnXBZjmLGmi+VzdESNlwxZyCXLuamZGnbrZ8lDsKdsGG7P1pMKQ=="],

    "@unocss/inspector": ["@unocss/inspector@66.6.8", "", { "dependencies": { "@unocss/core": "66.6.8", "@unocss/rule-utils": "66.6.8", "colorette": "^2.0.20", "gzip-size": "^6.0.0", "sirv": "^3.0.2" } }, "sha512-g8uRzXDdmoNRjXX/mZP7m0rWXLtOimyOW7+VFK6FNxRWBmvIGYgTLHkutF6Wyh9lLPDYx3pkkEmfgL35BDT3Sg=="],

    "@unocss/preset-attributify": ["@unocss/preset-attributify@66.6.8", "", { "dependencies": { "@unocss/core": "66.6.8" } }, "sha512-YxyRSF5rq0WbY8kCG0gpj3DSXPL89QGxZeqABmceCzPJbXJBBHEJz/pgBPmzSa2Ziulgs0AEkHzWFPfpb2uGTA=="],

    "@unocss/preset-icons": ["@unocss/preset-icons@66.6.8", "", { "dependencies": { "@iconify/utils": "^3.1.0", "@unocss/core": "66.6.8", "ofetch": "^1.5.1" } }, "sha512-+zD5TNGZIXvVOMcvDIYaTXinffpDMERGj6Ch8WTtJluA6qHHBvRuFexoU2bY8nF1r0HZkYzNT9C+RujFSP+6TA=="],

    "@unocss/preset-mini": ["@unocss/preset-mini@66.6.8", "", { "dependencies": { "@unocss/core": "66.6.8", "@unocss/extractor-arbitrary-variants": "66.6.8", "@unocss/rule-utils": "66.6.8" } }, "sha512-vAechrReO7LtWzFAeF54P7CintG2m65SlVlBsi1x2Ru7IdgUNJEHII0MfXUvf9r1x8vsIlhATyaqqtBVT6ps/w=="],

    "@unocss/preset-tagify": ["@unocss/preset-tagify@66.6.8", "", { "dependencies": { "@unocss/core": "66.6.8" } }, "sha512-cG6zBYswtWTpeQe/Lb1Bh+IzU4Ck+VI8rpYvrnvSGl22rJjAsXd+buB1P0PjyDpoe924rq0bLTayZ8r6Ayyyvw=="],

    "@unocss/preset-typography": ["@unocss/preset-typography@66.6.8", "", { "dependencies": { "@unocss/core": "66.6.8", "@unocss/rule-utils": "66.6.8" } }, "sha512-wOApJpE0QfeOTWN5RuQts8zS6PXhTZIfjpt6cBj8dmv7+GlIQlwopxL7wcDb2wVwdCByuMvUbWl7nC3kz/iFTA=="],

    "@unocss/preset-uno": ["@unocss/preset-uno@66.6.8", "", { "dependencies": { "@unocss/core": "66.6.8", "@unocss/preset-wind3": "66.6.8" } }, "sha512-z01Rw/rBuahRulwQRnobUFnGqyU+UenOLz72KGn4p0Yh8gBC44fPlNHsOWA0TNediHRJg33HptX4kx16HCVWDg=="],

    "@unocss/preset-web-fonts": ["@unocss/preset-web-fonts@66.6.8", "", { "dependencies": { "@unocss/core": "66.6.8", "ofetch": "^1.5.1" } }, "sha512-AgEHO8h0AkeOT57AOE9PS7dJOa5Rfr0gIyz/FxA7vJ/FwgQL70uX+bRW8kmoH81zcjo5xBP2IX3Z6A8VAOo3Vw=="],

    "@unocss/preset-wind": ["@unocss/preset-wind@66.6.8", "", { "dependencies": { "@unocss/core": "66.6.8", "@unocss/preset-wind3": "66.6.8" } }, "sha512-F0mdmwK/HelYOgBRMHl+Yx/VyARCQJtPlcgPBejI3E9ZWOZlKS7hvPqPrgvS63WTGMHgM3/22cGuYYFjpi/ugA=="],

    "@unocss/preset-wind3": ["@unocss/preset-wind3@66.6.8", "", { "dependencies": { "@unocss/core": "66.6.8", "@unocss/preset-mini": "66.6.8", "@unocss/rule-utils": "66.6.8" } }, "sha512-WNTeDAYCatmEFjBJ4itUmz0TElBvNFqjh5i2/ianDJO/vkd+IYUb03jEPLUppVlvMhy8bN8AunP0AtW3Xf2psA=="],

    "@unocss/preset-wind4": ["@unocss/preset-wind4@66.6.8", "", { "dependencies": { "@unocss/core": "66.6.8", "@unocss/extractor-arbitrary-variants": "66.6.8", "@unocss/rule-utils": "66.6.8" } }, "sha512-CheOm7KXOsTI5t4RXgeYz95CO5p589F6jsyYp+inOCk4N0/d+DWiDHrQ+V0x0HWs3JXWlD+/Va/yXjlc3o2sIw=="],

    "@unocss/reset": ["@unocss/reset@66.6.8", "", {}, "sha512-H+YP3ltizUiPO9FzFgFhv8WGsefO7fTgT1If1/9ritPDqZlvzTqMmjelhcq8D8MGoQ1RQBUvtkZ5HJoKVY0Tgw=="],

    "@unocss/rule-utils": ["@unocss/rule-utils@66.6.8", "", { "dependencies": { "@unocss/core": "^66.6.8", "magic-string": "^0.30.21" } }, "sha512-WR35L07mLP6PElD4hlUHo5KbQ48uz2HT/XCuJyAsHP+15Gv6539hPWA5SresPuva9r8rl+PeGIgMSIKf4A5Ihw=="],

    "@unocss/transformer-attributify-jsx": ["@unocss/transformer-attributify-jsx@66.6.8", "", { "dependencies": { "@unocss/core": "66.6.8", "oxc-parser": "^0.124.0", "oxc-walker": "^0.7.0" } }, "sha512-g+7lvm+8V1MnJ21ialTxFBonCTtenn/KcZQbm0JfvQjgG+KuuSnt3BGEcXAHQZu3eBDGuJuasTHiXWwzCYIRBQ=="],

    "@unocss/transformer-compile-class": ["@unocss/transformer-compile-class@66.6.8", "", { "dependencies": { "@unocss/core": "66.6.8" } }, "sha512-37dFuzgYo8ki033KmuvyZXugQRVH1c3+/z5kcWLPhcMR8UJscAtjgRx80S1UvWup2q6TPxPpmy/rMbqWvs3jfg=="],

    "@unocss/transformer-directives": ["@unocss/transformer-directives@66.6.8", "", { "dependencies": { "@unocss/core": "66.6.8", "@unocss/rule-utils": "66.6.8", "css-tree": "^3.2.1" } }, "sha512-9hC3mQ8eycliW/igI9le0LovTIMBKoL6crucTkr4MmWuNqICMvNxTmGj5Xh64olBPnascevFwam6xsy+J1lX4Q=="],

    "@unocss/transformer-variant-group": ["@unocss/transformer-variant-group@66.6.8", "", { "dependencies": { "@unocss/core": "66.6.8" } }, "sha512-+t7gJDW3W3z3/f8zBf0DfV2UZyGyFOwG5CIsIj5ofu3VJ91mKD/5ZAH8fD3cryXCBSqslj4yv+8R+BLV07T5AA=="],

    "@unocss/vite": ["@unocss/vite@66.6.8", "", { "dependencies": { "@jridgewell/remapping": "^2.3.5", "@unocss/config": "66.6.8", "@unocss/core": "66.6.8", "@unocss/inspector": "66.6.8", "chokidar": "^5.0.0", "magic-string": "^0.30.21", "pathe": "^2.0.3", "tinyglobby": "^0.2.16", "unplugin-utils": "^0.3.1" }, "peerDependencies": { "vite": "^2.9.0 || ^3.0.0-0 || ^4.0.0 || ^5.0.0-0 || ^6.0.0-0 || ^7.0.0-0 || ^8.0.0-0" } }, "sha512-bXfEnEHdW7zTGLIYU16MsfKSFy3Q47Pevhrt5f9fOGzC4UI1JGkkoQSfoFpXZGliDrhoSFK4Msz9Jt43Ta4j+w=="],

    "acorn": ["acorn@8.16.0", "", { "bin": { "acorn": "bin/acorn" } }, "sha512-UVJyE9MttOsBQIDKw1skb9nAwQuR5wuGD3+82K6JgJlm/Y+KI92oNsMNGZCYdDsVtRHSak0pcV5Dno5+4jh9sw=="],

    "bun-types": ["bun-types@1.3.12", "", { "dependencies": { "@types/node": "*" } }, "sha512-HqOLj5PoFajAQciOMRiIZGNoKxDJSr6qigAttOX40vJuSp6DN/CxWp9s3C1Xwm4oH7ybueITwiaOcWXoYVoRkA=="],

    "cac": ["cac@7.0.0", "", {}, "sha512-tixWYgm5ZoOD+3g6UTea91eow5z6AAHaho3g0V9CNSNb45gM8SmflpAc+GRd1InC4AqN/07Unrgp56Y94N9hJQ=="],

    "chokidar": ["chokidar@5.0.0", "", { "dependencies": { "readdirp": "^5.0.0" } }, "sha512-TQMmc3w+5AxjpL8iIiwebF73dRDF4fBIieAqGn9RGCWaEVwQ6Fb2cGe31Yns0RRIzii5goJ1Y7xbMwo1TxMplw=="],

    "colorette": ["colorette@2.0.20", "", {}, "sha512-IfEDxwoWIjkeXL1eXcDiow4UbKjhLdq6/EuSVR9GMN7KVH3r9gQ83e73hsz1Nd1T3ijd5xv1wcWRYO+D6kCI2w=="],

    "confbox": ["confbox@0.1.8", "", {}, "sha512-RMtmw0iFkeR4YV+fUOSucriAQNb9g8zFR52MWCtl+cCZOFRNL6zeB395vPzFhEjjn4fMxXudmELnl/KF/WrK6w=="],

    "consola": ["consola@3.4.2", "", {}, "sha512-5IKcdX0nnYavi6G7TtOhwkYzyjfJlatbjMjuLSfE2kYT5pMDOilZ4OvMhi637CcDICTmz3wARPoyhqyX1Y+XvA=="],

    "css-tree": ["css-tree@3.2.1", "", { "dependencies": { "mdn-data": "2.27.1", "source-map-js": "^1.2.1" } }, "sha512-X7sjQzceUhu1u7Y/ylrRZFU2FS6LRiFVp6rKLPg23y3x3c3DOKAwuXGDp+PAGjh6CSnCjYeAul8pcT8bAl+lSA=="],

    "defu": ["defu@6.1.7", "", {}, "sha512-7z22QmUWiQ/2d0KkdYmANbRUVABpZ9SNYyH5vx6PZ+nE5bcC0l7uFvEfHlyld/HcGBFTL536ClDt3DEcSlEJAQ=="],

    "destr": ["destr@2.0.5", "", {}, "sha512-ugFTXCtDZunbzasqBxrK93Ik/DRYsO6S/fedkWEMKqt04xZ4csmnmwGDBAb07QWNaGMAmnTIemsYZCksjATwsA=="],

    "detect-libc": ["detect-libc@2.1.2", "", {}, "sha512-Btj2BOOO83o3WyH59e8MgXsxEQVcarkUOpEYrubB0urwnN10yQ364rsiByU11nZlqWYZm05i/of7io4mzihBtQ=="],

    "duplexer": ["duplexer@0.1.2", "", {}, "sha512-jtD6YG370ZCIi/9GTaJKQxWTZD045+4R4hTk/x1UyoqadyJ9x9CgSi1RlVDQF8U2sxLLSnFkCaMihqljHIWgMg=="],

    "entities": ["entities@7.0.1", "", {}, "sha512-TWrgLOFUQTH994YUyl1yT4uyavY5nNB5muff+RtWaqNVCAK408b5ZnnbNAUEWLTCpum9w6arT70i1XdQ4UeOPA=="],

    "estree-walker": ["estree-walker@3.0.3", "", { "dependencies": { "@types/estree": "^1.0.0" } }, "sha512-7RUKfXgSMMkzt6ZuXmqapOurLGPPfgj6l9uRZ7lRGolvk0y2yocc35LdcxKC5PQZdn2DMqioAQ2NoWcrTKmm6g=="],

    "fdir": ["fdir@6.5.0", "", { "peerDependencies": { "picomatch": "^3 || ^4" }, "optionalPeers": ["picomatch"] }, "sha512-tIbYtZbucOs0BRGqPJkshJUYdL+SDH7dVM8gjy+ERp3WAUjLEFJE+02kanyHtwjWOnwrKYBiwAmM0p4kLJAnXg=="],

    "fsevents": ["fsevents@2.3.3", "", { "os": "darwin" }, "sha512-5xoDfX+fL7faATnagmWPpbFtwh/R77WmMMqqHGS65C3vvB0YHrgF+B1YmZ3441tMj5n63k0212XNoJwzlhffQw=="],

    "gzip-size": ["gzip-size@6.0.0", "", { "dependencies": { "duplexer": "^0.1.2" } }, "sha512-ax7ZYomf6jqPTQ4+XCpUGyXKHk5WweS+e05MBO4/y3WJ5RkmPXNKvX+bx1behVILVwr6JSQvZAku021CHPXG3Q=="],

    "happy-dom": ["happy-dom@20.9.0", "", { "dependencies": { "@types/node": ">=20.0.0", "@types/whatwg-mimetype": "^3.0.2", "@types/ws": "^8.18.1", "entities": "^7.0.1", "whatwg-mimetype": "^3.0.0", "ws": "^8.18.3" } }, "sha512-GZZ9mKe8r646NUAf/zemnGbjYh4Bt8/MqASJY+pSm5ZDtc3YQox+4gsLI7yi1hba6o+eCsGxpHn5+iEVn31/FQ=="],

    "jiti": ["jiti@2.6.1", "", { "bin": { "jiti": "lib/jiti-cli.mjs" } }, "sha512-ekilCSN1jwRvIbgeg/57YFh8qQDNbwDb9xT/qu2DAHbFFZUicIl4ygVaAvzveMhMVr3LnpSKTNnwt8PoOfmKhQ=="],

    "lightningcss": ["lightningcss@1.32.0", "", { "dependencies": { "detect-libc": "^2.0.3" }, "optionalDependencies": { "lightningcss-android-arm64": "1.32.0", "lightningcss-darwin-arm64": "1.32.0", "lightningcss-darwin-x64": "1.32.0", "lightningcss-freebsd-x64": "1.32.0", "lightningcss-linux-arm-gnueabihf": "1.32.0", "lightningcss-linux-arm64-gnu": "1.32.0", "lightningcss-linux-arm64-musl": "1.32.0", "lightningcss-linux-x64-gnu": "1.32.0", "lightningcss-linux-x64-musl": "1.32.0", "lightningcss-win32-arm64-msvc": "1.32.0", "lightningcss-win32-x64-msvc": "1.32.0" } }, "sha512-NXYBzinNrblfraPGyrbPoD19C1h9lfI/1mzgWYvXUTe414Gz/X1FD2XBZSZM7rRTrMA8JL3OtAaGifrIKhQ5yQ=="],

    "lightningcss-android-arm64": ["lightningcss-android-arm64@1.32.0", "", { "os": "android", "cpu": "arm64" }, "sha512-YK7/ClTt4kAK0vo6w3X+Pnm0D2cf2vPHbhOXdoNti1Ga0al1P4TBZhwjATvjNwLEBCnKvjJc2jQgHXH0NEwlAg=="],

    "lightningcss-darwin-arm64": ["lightningcss-darwin-arm64@1.32.0", "", { "os": "darwin", "cpu": "arm64" }, "sha512-RzeG9Ju5bag2Bv1/lwlVJvBE3q6TtXskdZLLCyfg5pt+HLz9BqlICO7LZM7VHNTTn/5PRhHFBSjk5lc4cmscPQ=="],

    "lightningcss-darwin-x64": ["lightningcss-darwin-x64@1.32.0", "", { "os": "darwin", "cpu": "x64" }, "sha512-U+QsBp2m/s2wqpUYT/6wnlagdZbtZdndSmut/NJqlCcMLTWp5muCrID+K5UJ6jqD2BFshejCYXniPDbNh73V8w=="],

    "lightningcss-freebsd-x64": ["lightningcss-freebsd-x64@1.32.0", "", { "os": "freebsd", "cpu": "x64" }, "sha512-JCTigedEksZk3tHTTthnMdVfGf61Fky8Ji2E4YjUTEQX14xiy/lTzXnu1vwiZe3bYe0q+SpsSH/CTeDXK6WHig=="],

    "lightningcss-linux-arm-gnueabihf": ["lightningcss-linux-arm-gnueabihf@1.32.0", "", { "os": "linux", "cpu": "arm" }, "sha512-x6rnnpRa2GL0zQOkt6rts3YDPzduLpWvwAF6EMhXFVZXD4tPrBkEFqzGowzCsIWsPjqSK+tyNEODUBXeeVHSkw=="],

    "lightningcss-linux-arm64-gnu": ["lightningcss-linux-arm64-gnu@1.32.0", "", { "os": "linux", "cpu": "arm64" }, "sha512-0nnMyoyOLRJXfbMOilaSRcLH3Jw5z9HDNGfT/gwCPgaDjnx0i8w7vBzFLFR1f6CMLKF8gVbebmkUN3fa/kQJpQ=="],

    "lightningcss-linux-arm64-musl": ["lightningcss-linux-arm64-musl@1.32.0", "", { "os": "linux", "cpu": "arm64" }, "sha512-UpQkoenr4UJEzgVIYpI80lDFvRmPVg6oqboNHfoH4CQIfNA+HOrZ7Mo7KZP02dC6LjghPQJeBsvXhJod/wnIBg=="],

    "lightningcss-linux-x64-gnu": ["lightningcss-linux-x64-gnu@1.32.0", "", { "os": "linux", "cpu": "x64" }, "sha512-V7Qr52IhZmdKPVr+Vtw8o+WLsQJYCTd8loIfpDaMRWGUZfBOYEJeyJIkqGIDMZPwPx24pUMfwSxxI8phr/MbOA=="],

    "lightningcss-linux-x64-musl": ["lightningcss-linux-x64-musl@1.32.0", "", { "os": "linux", "cpu": "x64" }, "sha512-bYcLp+Vb0awsiXg/80uCRezCYHNg1/l3mt0gzHnWV9XP1W5sKa5/TCdGWaR/zBM2PeF/HbsQv/j2URNOiVuxWg=="],

    "lightningcss-win32-arm64-msvc": ["lightningcss-win32-arm64-msvc@1.32.0", "", { "os": "win32", "cpu": "arm64" }, "sha512-8SbC8BR40pS6baCM8sbtYDSwEVQd4JlFTOlaD3gWGHfThTcABnNDBda6eTZeqbofalIJhFx0qKzgHJmcPTnGdw=="],

    "lightningcss-win32-x64-msvc": ["lightningcss-win32-x64-msvc@1.32.0", "", { "os": "win32", "cpu": "x64" }, "sha512-Amq9B/SoZYdDi1kFrojnoqPLxYhQ4Wo5XiL8EVJrVsB8ARoC1PWW6VGtT0WKCemjy8aC+louJnjS7U18x3b06Q=="],

    "magic-regexp": ["magic-regexp@0.10.0", "", { "dependencies": { "estree-walker": "^3.0.3", "magic-string": "^0.30.12", "mlly": "^1.7.2", "regexp-tree": "^0.1.27", "type-level-regexp": "~0.1.17", "ufo": "^1.5.4", "unplugin": "^2.0.0" } }, "sha512-Uly1Bu4lO1hwHUW0CQeSWuRtzCMNO00CmXtS8N6fyvB3B979GOEEeAkiTUDsmbYLAbvpUS/Kt5c4ibosAzVyVg=="],

    "magic-string": ["magic-string@0.30.21", "", { "dependencies": { "@jridgewell/sourcemap-codec": "^1.5.5" } }, "sha512-vd2F4YUyEXKGcLHoq+TEyCjxueSeHnFxyyjNp80yg0XV4vUhnDer/lvvlqM/arB5bXQN5K2/3oinyCRyx8T2CQ=="],

    "mdn-data": ["mdn-data@2.27.1", "", {}, "sha512-9Yubnt3e8A0OKwxYSXyhLymGW4sCufcLG6VdiDdUGVkPhpqLxlvP5vl1983gQjJl3tqbrM731mjaZaP68AgosQ=="],

    "mithril": ["mithril@2.3.8", "", {}, "sha512-za/Yo7qXEckjm5syrSfaaI9Utf4tCUT3T1IOIYqH6Lrj7G0OZuYYLAY9SV4ygoaAf0+CNqU92MBt+7pmo53JVQ=="],

    "mlly": ["mlly@1.8.2", "", { "dependencies": { "acorn": "^8.16.0", "pathe": "^2.0.3", "pkg-types": "^1.3.1", "ufo": "^1.6.3" } }, "sha512-d+ObxMQFmbt10sretNDytwt85VrbkhhUA/JBGm1MPaWJ65Cl4wOgLaB1NYvJSZ0Ef03MMEU/0xpPMXUIQ29UfA=="],

    "mrmime": ["mrmime@2.0.1", "", {}, "sha512-Y3wQdFg2Va6etvQ5I82yUhGdsKrcYox6p7FfL1LbK2J4V01F9TGlepTIhnK24t7koZibmg82KGglhA1XK5IsLQ=="],

    "nanoid": ["nanoid@3.3.11", "", { "bin": { "nanoid": "bin/nanoid.cjs" } }, "sha512-N8SpfPUnUp1bK+PMYW8qSWdl9U+wwNWI4QKxOYDy9JAro3WMX7p2OeVRF9v+347pnakNevPmiHhNmZ2HbFA76w=="],

    "node-fetch-native": ["node-fetch-native@1.6.7", "", {}, "sha512-g9yhqoedzIUm0nTnTqAQvueMPVOuIY16bqgAJJC8XOOubYFNwz6IER9qs0Gq2Xd0+CecCKFjtdDTMA4u4xG06Q=="],

    "ofetch": ["ofetch@1.5.1", "", { "dependencies": { "destr": "^2.0.5", "node-fetch-native": "^1.6.7", "ufo": "^1.6.1" } }, "sha512-2W4oUZlVaqAPAil6FUg/difl6YhqhUR7x2eZY4bQCko22UXg3hptq9KLQdqFClV+Wu85UX7hNtdGTngi/1BxcA=="],

    "oxc-parser": ["oxc-parser@0.124.0", "", { "dependencies": { "@oxc-project/types": "^0.124.0" }, "optionalDependencies": { "@oxc-parser/binding-android-arm-eabi": "0.124.0", "@oxc-parser/binding-android-arm64": "0.124.0", "@oxc-parser/binding-darwin-arm64": "0.124.0", "@oxc-parser/binding-darwin-x64": "0.124.0", "@oxc-parser/binding-freebsd-x64": "0.124.0", "@oxc-parser/binding-linux-arm-gnueabihf": "0.124.0", "@oxc-parser/binding-linux-arm-musleabihf": "0.124.0", "@oxc-parser/binding-linux-arm64-gnu": "0.124.0", "@oxc-parser/binding-linux-arm64-musl": "0.124.0", "@oxc-parser/binding-linux-ppc64-gnu": "0.124.0", "@oxc-parser/binding-linux-riscv64-gnu": "0.124.0", "@oxc-parser/binding-linux-riscv64-musl": "0.124.0", "@oxc-parser/binding-linux-s390x-gnu": "0.124.0", "@oxc-parser/binding-linux-x64-gnu": "0.124.0", "@oxc-parser/binding-linux-x64-musl": "0.124.0", "@oxc-parser/binding-openharmony-arm64": "0.124.0", "@oxc-parser/binding-wasm32-wasi": "0.124.0", "@oxc-parser/binding-win32-arm64-msvc": "0.124.0", "@oxc-parser/binding-win32-ia32-msvc": "0.124.0", "@oxc-parser/binding-win32-x64-msvc": "0.124.0" } }, "sha512-h07SFj/tp2U3cf3+LFX6MmOguQiM9ahwpGs0ZK5CGhgL8p4kk24etrJKsEzhXAvo7mfvoKTZooZ5MLKAPRmJ1g=="],

    "oxc-walker": ["oxc-walker@0.7.0", "", { "dependencies": { "magic-regexp": "^0.10.0" }, "peerDependencies": { "oxc-parser": ">=0.98.0" } }, "sha512-54B4KUhrzbzc4sKvKwVYm7E2PgeROpGba0/2nlNZMqfDyca+yOor5IMb4WLGBatGDT0nkzYdYuzylg7n3YfB7A=="],

    "oxlint": ["oxlint@1.60.0", "", { "optionalDependencies": { "@oxlint/binding-android-arm-eabi": "1.60.0", "@oxlint/binding-android-arm64": "1.60.0", "@oxlint/binding-darwin-arm64": "1.60.0", "@oxlint/binding-darwin-x64": "1.60.0", "@oxlint/binding-freebsd-x64": "1.60.0", "@oxlint/binding-linux-arm-gnueabihf": "1.60.0", "@oxlint/binding-linux-arm-musleabihf": "1.60.0", "@oxlint/binding-linux-arm64-gnu": "1.60.0", "@oxlint/binding-linux-arm64-musl": "1.60.0", "@oxlint/binding-linux-ppc64-gnu": "1.60.0", "@oxlint/binding-linux-riscv64-gnu": "1.60.0", "@oxlint/binding-linux-riscv64-musl": "1.60.0", "@oxlint/binding-linux-s390x-gnu": "1.60.0", "@oxlint/binding-linux-x64-gnu": "1.60.0", "@oxlint/binding-linux-x64-musl": "1.60.0", "@oxlint/binding-openharmony-arm64": "1.60.0", "@oxlint/binding-win32-arm64-msvc": "1.60.0", "@oxlint/binding-win32-ia32-msvc": "1.60.0", "@oxlint/binding-win32-x64-msvc": "1.60.0" }, "peerDependencies": { "oxlint-tsgolint": ">=0.18.0" }, "optionalPeers": ["oxlint-tsgolint"], "bin": { "oxlint": "bin/oxlint" } }, "sha512-tnRzTWiWJ9pg3ftRWnD0+Oqh78L6ZSwcEudvCZaER0PIqiAnNyXj5N1dPwjmNpDalkKS9m/WMLN1CTPUBPmsgw=="],

    "package-manager-detector": ["package-manager-detector@1.6.0", "", {}, "sha512-61A5ThoTiDG/C8s8UMZwSorAGwMJ0ERVGj2OjoW5pAalsNOg15+iQiPzrLJ4jhZ1HJzmC2PIHT2oEiH3R5fzNA=="],

    "pathe": ["pathe@2.0.3", "", {}, "sha512-WUjGcAqP1gQacoQe+OBJsFA7Ld4DyXuUIjZ5cc75cLHvJ7dtNsTugphxIADwspS+AraAUePCKrSVtPLFj/F88w=="],

    "perfect-debounce": ["perfect-debounce@2.1.0", "", {}, "sha512-LjgdTytVFXeUgtHZr9WYViYSM/g8MkcTPYDlPa3cDqMirHjKiSZPYd6DoL7pK8AJQr+uWkQvCjHNdiMqsrJs+g=="],

    "picocolors": ["picocolors@1.1.1", "", {}, "sha512-xceH2snhtb5M9liqDsmEw56le376mTZkEX/jEb/RxNFyegNul7eNslCXP9FDj/Lcu0X8KEyMceP2ntpaHrDEVA=="],

    "picomatch": ["picomatch@4.0.4", "", {}, "sha512-QP88BAKvMam/3NxH6vj2o21R6MjxZUAd6nlwAS/pnGvN9IVLocLHxGYIzFhg6fUQ+5th6P4dv4eW9jX3DSIj7A=="],

    "pkg-types": ["pkg-types@1.3.1", "", { "dependencies": { "confbox": "^0.1.8", "mlly": "^1.7.4", "pathe": "^2.0.1" } }, "sha512-/Jm5M4RvtBFVkKWRu2BLUTNP8/M2a+UwuAX+ae4770q1qVGtfjG+WTCupoZixokjmHiry8uI+dlY8KXYV5HVVQ=="],

    "postcss": ["postcss@8.5.10", "", { "dependencies": { "nanoid": "^3.3.11", "picocolors": "^1.1.1", "source-map-js": "^1.2.1" } }, "sha512-pMMHxBOZKFU6HgAZ4eyGnwXF/EvPGGqUr0MnZ5+99485wwW41kW91A4LOGxSHhgugZmSChL5AlElNdwlNgcnLQ=="],

    "prettier": ["prettier@3.8.3", "", { "bin": { "prettier": "bin/prettier.cjs" } }, "sha512-7igPTM53cGHMW8xWuVTydi2KO233VFiTNyF5hLJqpilHfmn8C8gPf+PS7dUT64YcXFbiMGZxS9pCSxL/Dxm/Jw=="],

    "quansync": ["quansync@1.0.0", "", {}, "sha512-5xZacEEufv3HSTPQuchrvV6soaiACMFnq1H8wkVioctoH3TRha9Sz66lOxRwPK/qZj7HPiSveih9yAyh98gvqA=="],

    "readdirp": ["readdirp@5.0.0", "", {}, "sha512-9u/XQ1pvrQtYyMpZe7DXKv2p5CNvyVwzUB6uhLAnQwHMSgKMBR62lc7AHljaeteeHXn11XTAaLLUVZYVZyuRBQ=="],

    "regexp-tree": ["regexp-tree@0.1.27", "", { "bin": { "regexp-tree": "bin/regexp-tree" } }, "sha512-iETxpjK6YoRWJG5o6hXLwvjYAoW+FEZn9os0PD/b6AP6xQwsa/Y7lCVgIixBbUPMfhu+i2LtdeAqVTgGlQarfA=="],

    "rolldown": ["rolldown@1.0.0-rc.15", "", { "dependencies": { "@oxc-project/types": "=0.124.0", "@rolldown/pluginutils": "1.0.0-rc.15" }, "optionalDependencies": { "@rolldown/binding-android-arm64": "1.0.0-rc.15", "@rolldown/binding-darwin-arm64": "1.0.0-rc.15", "@rolldown/binding-darwin-x64": "1.0.0-rc.15", "@rolldown/binding-freebsd-x64": "1.0.0-rc.15", "@rolldown/binding-linux-arm-gnueabihf": "1.0.0-rc.15", "@rolldown/binding-linux-arm64-gnu": "1.0.0-rc.15", "@rolldown/binding-linux-arm64-musl": "1.0.0-rc.15", "@rolldown/binding-linux-ppc64-gnu": "1.0.0-rc.15", "@rolldown/binding-linux-s390x-gnu": "1.0.0-rc.15", "@rolldown/binding-linux-x64-gnu": "1.0.0-rc.15", "@rolldown/binding-linux-x64-musl": "1.0.0-rc.15", "@rolldown/binding-openharmony-arm64": "1.0.0-rc.15", "@rolldown/binding-wasm32-wasi": "1.0.0-rc.15", "@rolldown/binding-win32-arm64-msvc": "1.0.0-rc.15", "@rolldown/binding-win32-x64-msvc": "1.0.0-rc.15" }, "bin": { "rolldown": "bin/cli.mjs" } }, "sha512-Ff31guA5zT6WjnGp0SXw76X6hzGRk/OQq2hE+1lcDe+lJdHSgnSX6nK3erbONHyCbpSj9a9E+uX/OvytZoWp2g=="],

    "simple-git-hooks": ["simple-git-hooks@2.13.1", "", { "bin": { "simple-git-hooks": "cli.js" } }, "sha512-WszCLXwT4h2k1ufIXAgsbiTOazqqevFCIncOuUBZJ91DdvWcC5+OFkluWRQPrcuSYd8fjq+o2y1QfWqYMoAToQ=="],

    "sirv": ["sirv@3.0.2", "", { "dependencies": { "@polka/url": "^1.0.0-next.24", "mrmime": "^2.0.0", "totalist": "^3.0.0" } }, "sha512-2wcC/oGxHis/BoHkkPwldgiPSYcpZK3JU28WoMVv55yHJgcZ8rlXvuG9iZggz+sU1d4bRgIGASwyWqjxu3FM0g=="],

    "source-map-js": ["source-map-js@1.2.1", "", {}, "sha512-UXWMKhLOwVKb728IUtQPXxfYU+usdybtUrK/8uGE8CQMvrhOpwvzDBwj0QhSL7MQc7vIsISBG8VQ8+IDQxpfQA=="],

    "tinyexec": ["tinyexec@1.1.1", "", {}, "sha512-VKS/ZaQhhkKFMANmAOhhXVoIfBXblQxGX1myCQ2faQrfmobMftXeJPcZGp0gS07ocvGJWDLZGyOZDadDBqYIJg=="],

    "tinyglobby": ["tinyglobby@0.2.16", "", { "dependencies": { "fdir": "^6.5.0", "picomatch": "^4.0.4" } }, "sha512-pn99VhoACYR8nFHhxqix+uvsbXineAasWm5ojXoN8xEwK5Kd3/TrhNn1wByuD52UxWRLy8pu+kRMniEi6Eq9Zg=="],

    "totalist": ["totalist@3.0.1", "", {}, "sha512-sf4i37nQ2LBx4m3wB74y+ubopq6W/dIzXg0FDGjsYnZHVa1Da8FH853wlL2gtUhg+xJXjfk3kUZS3BRoQeoQBQ=="],

    "tslib": ["tslib@2.8.1", "", {}, "sha512-oJFu94HQb+KVduSUQL7wnpmqnfmLsOA/nAh6b6EH0wCEoK0/mPeXU6c3wKDV83MkOuHPRHtSXKKU99IBazS/2w=="],

    "type-level-regexp": ["type-level-regexp@0.1.17", "", {}, "sha512-wTk4DH3cxwk196uGLK/E9pE45aLfeKJacKmcEgEOA/q5dnPGNxXt0cfYdFxb57L+sEpf1oJH4Dnx/pnRcku9jg=="],

    "ufo": ["ufo@1.6.3", "", {}, "sha512-yDJTmhydvl5lJzBmy/hyOAA0d+aqCBuwl818haVdYCRrWV84o7YyeVm4QlVHStqNrrJSTb6jKuFAVqAFsr+K3Q=="],

    "unconfig": ["unconfig@7.5.0", "", { "dependencies": { "@quansync/fs": "^1.0.0", "defu": "^6.1.4", "jiti": "^2.6.1", "quansync": "^1.0.0", "unconfig-core": "7.5.0" } }, "sha512-oi8Qy2JV4D3UQ0PsopR28CzdQ3S/5A1zwsUwp/rosSbfhJ5z7b90bIyTwi/F7hCLD4SGcZVjDzd4XoUQcEanvA=="],

    "unconfig-core": ["unconfig-core@7.5.0", "", { "dependencies": { "@quansync/fs": "^1.0.0", "quansync": "^1.0.0" } }, "sha512-Su3FauozOGP44ZmKdHy2oE6LPjk51M/TRRjHv2HNCWiDvfvCoxC2lno6jevMA91MYAdCdwP05QnWdWpSbncX/w=="],

    "undici-types": ["undici-types@7.19.2", "", {}, "sha512-qYVnV5OEm2AW8cJMCpdV20CDyaN3g0AjDlOGf1OW4iaDEx8MwdtChUp4zu4H0VP3nDRF/8RKWH+IPp9uW0YGZg=="],

    "unocss": ["unocss@66.6.8", "", { "dependencies": { "@unocss/cli": "66.6.8", "@unocss/core": "66.6.8", "@unocss/preset-attributify": "66.6.8", "@unocss/preset-icons": "66.6.8", "@unocss/preset-mini": "66.6.8", "@unocss/preset-tagify": "66.6.8", "@unocss/preset-typography": "66.6.8", "@unocss/preset-uno": "66.6.8", "@unocss/preset-web-fonts": "66.6.8", "@unocss/preset-wind": "66.6.8", "@unocss/preset-wind3": "66.6.8", "@unocss/preset-wind4": "66.6.8", "@unocss/transformer-attributify-jsx": "66.6.8", "@unocss/transformer-compile-class": "66.6.8", "@unocss/transformer-directives": "66.6.8", "@unocss/transformer-variant-group": "66.6.8", "@unocss/vite": "66.6.8" }, "peerDependencies": { "@unocss/astro": "66.6.8", "@unocss/postcss": "66.6.8", "@unocss/webpack": "66.6.8" }, "optionalPeers": ["@unocss/astro", "@unocss/postcss", "@unocss/webpack"] }, "sha512-stq9FbxedTDkoWrxnNQNnPQXOaM6L2Lobq8HzjXdR2tMc55gtfqDArqL7TESfnN7qeZsIocNYCHLNA4DXq50YQ=="],

    "unplugin": ["unplugin@2.3.11", "", { "dependencies": { "@jridgewell/remapping": "^2.3.5", "acorn": "^8.15.0", "picomatch": "^4.0.3", "webpack-virtual-modules": "^0.6.2" } }, "sha512-5uKD0nqiYVzlmCRs01Fhs2BdkEgBS3SAVP6ndrBsuK42iC2+JHyxM05Rm9G8+5mkmRtzMZGY8Ct5+mliZxU/Ww=="],

    "unplugin-utils": ["unplugin-utils@0.3.1", "", { "dependencies": { "pathe": "^2.0.3", "picomatch": "^4.0.3" } }, "sha512-5lWVjgi6vuHhJ526bI4nlCOmkCIF3nnfXkCMDeMJrtdvxTs6ZFCM8oNufGTsDbKv/tJ/xj8RpvXjRuPBZJuJog=="],

    "vite": ["vite@8.0.8", "", { "dependencies": { "lightningcss": "^1.32.0", "picomatch": "^4.0.4", "postcss": "^8.5.8", "rolldown": "1.0.0-rc.15", "tinyglobby": "^0.2.15" }, "optionalDependencies": { "fsevents": "~2.3.3" }, "peerDependencies": { "@types/node": "^20.19.0 || >=22.12.0", "@vitejs/devtools": "^0.1.0", "esbuild": "^0.27.0 || ^0.28.0", "jiti": ">=1.21.0", "less": "^4.0.0", "sass": "^1.70.0", "sass-embedded": "^1.70.0", "stylus": ">=0.54.8", "sugarss": "^5.0.0", "terser": "^5.16.0", "tsx": "^4.8.1", "yaml": "^2.4.2" }, "optionalPeers": ["@types/node", "@vitejs/devtools", "esbuild", "jiti", "less", "sass", "sass-embedded", "stylus", "sugarss", "terser", "tsx", "yaml"], "bin": { "vite": "bin/vite.js" } }, "sha512-dbU7/iLVa8KZALJyLOBOQ88nOXtNG8vxKuOT4I2mD+Ya70KPceF4IAmDsmU0h1Qsn5bPrvsY9HJstCRh3hG6Uw=="],

    "webpack-virtual-modules": ["webpack-virtual-modules@0.6.2", "", {}, "sha512-66/V2i5hQanC51vBQKPH4aI8NMAcBW59FVBs+rC7eGHupMyfn34q7rZIE+ETlJ+XTevqfUhVVBgSUNSW2flEUQ=="],

    "whatwg-mimetype": ["whatwg-mimetype@3.0.0", "", {}, "sha512-nt+N2dzIutVRxARx1nghPKGv1xHikU7HKdfafKkLNLindmPU/ch3U31NOCGGA/dmPcmb1VlofO0vnKAcsm0o/Q=="],

    "ws": ["ws@8.20.0", "", { "peerDependencies": { "bufferutil": "^4.0.1", "utf-8-validate": ">=5.0.2" }, "optionalPeers": ["bufferutil", "utf-8-validate"] }, "sha512-sAt8BhgNbzCtgGbt2OxmpuryO63ZoDk/sqaB/znQm94T4fCEsy/yV+7CdC1kJhOU9lboAEU7R3kquuycDoibVA=="],

    "@rolldown/binding-wasm32-wasi/@emnapi/core": ["@emnapi/core@1.9.2", "", { "dependencies": { "@emnapi/wasi-threads": "1.2.1", "tslib": "^2.4.0" } }, "sha512-UC+ZhH3XtczQYfOlu3lNEkdW/p4dsJ1r/bP7H8+rhao3TTTMO1ATq/4DdIi23XuGoFY+Cz0JmCbdVl0hz9jZcA=="],

    "@rolldown/binding-wasm32-wasi/@emnapi/runtime": ["@emnapi/runtime@1.9.2", "", { "dependencies": { "tslib": "^2.4.0" } }, "sha512-3U4+MIWHImeyu1wnmVygh5WlgfYDtyf0k8AbLhMFxOipihf6nrWC4syIm/SwEeec0mNSafiiNnMJwbza/Is6Lw=="],
  }
}
